
Microsoft Visual Studio Solution File, Format Version 12.00
# Visual Studio Version 17
VisualStudioVersion = 17.6.33829.357
MinimumVisualStudioVersion = 10.0.40219.1
Project("{FAE04EC0-301F-11D3-BF4B-00C04F79EFBC}") = "AbstractFactoryLibrary", "AbstractFactoryLibrary.csproj", "{E3BCE704-D934-4497-85B9-2FCD2E7CAEF6}"
EndProject
Global
	GlobalSection(SolutionConfigurationPlatforms) = preSolution
		Debug|Any CPU = Debug|Any CPU
		Release|Any CPU = Release|Any CPU
	EndGlobalSection
	GlobalSection(ProjectConfigurationPlatforms) = postSolution
		{E3BCE704-D934-4497-85B9-2FCD2E7CAEF6}.Debug|Any CPU.ActiveCfg = Debug|Any CPU
		{E3BCE704-D934-4497-85B9-2FCD2E7CAEF6}.Debug|Any CPU.Build.0 = Debug|Any CPU
		{E3BCE704-D934-4497-85B9-2FCD2E7CAEF6}.Release|Any CPU.ActiveCfg = Release|Any CPU
		{E3BCE704-D934-4497-85B9-2FCD2E7CAEF6}.Release|Any CPU.Build.0 = Release|Any CPU
	EndGlobalSection
	GlobalSection(SolutionProperties) = preSolution
		HideSolutionNode = FALSE
	EndGlobalSection
	GlobalSection(ExtensibilityGlobals) = postSolution
		SolutionGuid = {806637DE-42BC-4E1E-BF82-EE897550AF28}
	EndGlobalSection
EndGlobal
