
Microsoft Visual Studio Solution File, Format Version 12.00
# Visual Studio Version 17
VisualStudioVersion = 17.6.33829.357
MinimumVisualStudioVersion = 10.0.40219.1
Project("{FAE04EC0-301F-11D3-BF4B-00C04F79EFBC}") = "AbstractFactoryConsole", "AbstractFactoryConsole.csproj", "{3C9474F6-1761-4FB6-99CF-DC764E4C7783}"
EndProject
Global
	GlobalSection(SolutionConfigurationPlatforms) = preSolution
		Debug|Any CPU = Debug|Any CPU
		Release|Any CPU = Release|Any CPU
	EndGlobalSection
	GlobalSection(ProjectConfigurationPlatforms) = postSolution
		{3C9474F6-1761-4FB6-99CF-DC764E4C7783}.Debug|Any CPU.ActiveCfg = Debug|Any CPU
		{3C9474F6-1761-4FB6-99CF-DC764E4C7783}.Debug|Any CPU.Build.0 = Debug|Any CPU
		{3C9474F6-1761-4FB6-99CF-DC764E4C7783}.Release|Any CPU.ActiveCfg = Release|Any CPU
		{3C9474F6-1761-4FB6-99CF-DC764E4C7783}.Release|Any CPU.Build.0 = Release|Any CPU
	EndGlobalSection
	GlobalSection(SolutionProperties) = preSolution
		HideSolutionNode = FALSE
	EndGlobalSection
	GlobalSection(ExtensibilityGlobals) = postSolution
		SolutionGuid = {2BA60FB3-D610-41DC-9B80-513BE748E944}
	EndGlobalSection
EndGlobal
